
Microsoft Visual Studio Solution File, Format Version 12.00
# Visual Studio Version 17
VisualStudioVersion = 17.13.35931.197
MinimumVisualStudioVersion = 10.0.40219.1
Project("{FAE04EC0-301F-11D3-BF4B-00C04F79EFBC}") = "LS.FileReader", "LS.FileReader\LS.FileReader.csproj", "{AF5270ED-C671-4B3A-89CA-3FFEAFD75199}"
EndProject
Project("{FAE04EC0-301F-11D3-BF4B-00C04F79EFBC}") = "LS.FileReader.Tests", "LS.FileReader.Tests\LS.FileReader.Tests.csproj", "{DBE227F0-4130-3FE6-3B34-F4D587E5FA68}"
EndProject
Project("{2150E333-8FDC-42A3-9474-1A3956D46DE8}") = "Solution Items", "Solution Items", "{8EC462FD-D22E-90A8-E5CE-7E832BA40C5D}"
	ProjectSection(SolutionItems) = preProject
		README.md = README.md
	EndProjectSection
EndProject
Global
	GlobalSection(SolutionConfigurationPlatforms) = preSolution
		Debug|Any CPU = Debug|Any CPU
		Release|Any CPU = Release|Any CPU
	EndGlobalSection
	GlobalSection(ProjectConfigurationPlatforms) = postSolution
		{AF5270ED-C671-4B3A-89CA-3FFEAFD75199}.Debug|Any CPU.ActiveCfg = Debug|Any CPU
		{AF5270ED-C671-4B3A-89CA-3FFEAFD75199}.Debug|Any CPU.Build.0 = Debug|Any CPU
		{AF5270ED-C671-4B3A-89CA-3FFEAFD75199}.Release|Any CPU.ActiveCfg = Release|Any CPU
		{AF5270ED-C671-4B3A-89CA-3FFEAFD75199}.Release|Any CPU.Build.0 = Release|Any CPU
		{DBE227F0-4130-3FE6-3B34-F4D587E5FA68}.Debug|Any CPU.ActiveCfg = Debug|Any CPU
		{DBE227F0-4130-3FE6-3B34-F4D587E5FA68}.Debug|Any CPU.Build.0 = Debug|Any CPU
		{DBE227F0-4130-3FE6-3B34-F4D587E5FA68}.Release|Any CPU.ActiveCfg = Release|Any CPU
		{DBE227F0-4130-3FE6-3B34-F4D587E5FA68}.Release|Any CPU.Build.0 = Release|Any CPU
	EndGlobalSection
	GlobalSection(SolutionProperties) = preSolution
		HideSolutionNode = FALSE
	EndGlobalSection
	GlobalSection(ExtensibilityGlobals) = postSolution
		SolutionGuid = {96C8F584-3D3D-42E7-A2EE-DBEE708BFAB6}
	EndGlobalSection
EndGlobal
